Microsoft Visual Studio Solution File, Format Version 12.00
# Visual Studio Version 17
VisualStudioVersion = 17.5.2.0
MinimumVisualStudioVersion = 10.0.40219.1
Project("{FAE04EC0-301F-11D3-BF4B-00C04F79EFBC}") = "csharp-async-task-runner", "csharp-async-task-runner.csproj", "{3EB705F7-EEFD-BF7E-D16C-CEA14A2C06B1}"
EndProject
Global
	GlobalSection(SolutionConfigurationPlatforms) = preSolution
		Debug|Any CPU = Debug|Any CPU
		Release|Any CPU = Release|Any CPU
	EndGlobalSection
	GlobalSection(ProjectConfigurationPlatforms) = postSolution
		{3EB705F7-EEFD-BF7E-D16C-CEA14A2C06B1}.Debug|Any CPU.ActiveCfg = Debug|Any CPU
		{3EB705F7-EEFD-BF7E-D16C-CEA14A2C06B1}.Debug|Any CPU.Build.0 = Debug|Any CPU
		{3EB705F7-EEFD-BF7E-D16C-CEA14A2C06B1}.Release|Any CPU.ActiveCfg = Release|Any CPU
		{3EB705F7-EEFD-BF7E-D16C-CEA14A2C06B1}.Release|Any CPU.Build.0 = Release|Any CPU
	EndGlobalSection
	GlobalSection(SolutionProperties) = preSolution
		HideSolutionNode = FALSE
	EndGlobalSection
	GlobalSection(ExtensibilityGlobals) = postSolution
		SolutionGuid = {B616DB68-5257-4C17-878B-F397B5FD26CE}
	EndGlobalSection
EndGlobal
