
Microsoft Visual Studio Solution File, Format Version 12.00
# Visual Studio Version 17
VisualStudioVersion = 17.0.31903.59
MinimumVisualStudioVersion = 10.0.40219.1
Project("{FAE04EC0-301F-11D3-BF4B-00C04F79EFBC}") = "async-task-runner", "async-task-runner\async-task-runner.csproj", "{A0C9959D-CE24-420B-987F-9A3D56120445}"
EndProject
Project("{FAE04EC0-301F-11D3-BF4B-00C04F79EFBC}") = "async-task-runner.Tests", "async-task-runner.Tests\async-task-runner.Tests.csproj", "{14439438-8974-49A1-924C-5E092683DBDA}"
EndProject
Global
	GlobalSection(SolutionConfigurationPlatforms) = preSolution
		Debug|Any CPU = Debug|Any CPU
		Release|Any CPU = Release|Any CPU
	EndGlobalSection
	GlobalSection(SolutionProperties) = preSolution
		HideSolutionNode = FALSE
	EndGlobalSection
	GlobalSection(ProjectConfigurationPlatforms) = postSolution
		{A0C9959D-CE24-420B-987F-9A3D56120445}.Debug|Any CPU.ActiveCfg = Debug|Any CPU
		{A0C9959D-CE24-420B-987F-9A3D56120445}.Debug|Any CPU.Build.0 = Debug|Any CPU
		{A0C9959D-CE24-420B-987F-9A3D56120445}.Release|Any CPU.ActiveCfg = Release|Any CPU
		{A0C9959D-CE24-420B-987F-9A3D56120445}.Release|Any CPU.Build.0 = Release|Any CPU
		{14439438-8974-49A1-924C-5E092683DBDA}.Debug|Any CPU.ActiveCfg = Debug|Any CPU
		{14439438-8974-49A1-924C-5E092683DBDA}.Debug|Any CPU.Build.0 = Debug|Any CPU
		{14439438-8974-49A1-924C-5E092683DBDA}.Release|Any CPU.ActiveCfg = Release|Any CPU
		{14439438-8974-49A1-924C-5E092683DBDA}.Release|Any CPU.Build.0 = Release|Any CPU
	EndGlobalSection
EndGlobal
